
Microsoft Visual Studio Solution File, Format Version 12.00
# Visual Studio Version 16
VisualStudioVersion = 16.0.30204.135
MinimumVisualStudioVersion = 10.0.40219.1
Project("{FAE04EC0-301F-11D3-BF4B-00C04F79EFBC}") = "Pyecto2Datos1Fontend.Android", "Pyecto2Datos1Fontend.Android\Pyecto2Datos1Fontend.Android.csproj", "{855DA3FE-990F-4741-9511-7FF40783590B}"
EndProject
Project("{FAE04EC0-301F-11D3-BF4B-00C04F79EFBC}") = "Pyecto2Datos1Fontend.iOS", "Pyecto2Datos1Fontend.iOS\Pyecto2Datos1Fontend.iOS.csproj", "{D0D899F6-8815-43E6-9F50-3EC47977F287}"
EndProject
Project("{FAE04EC0-301F-11D3-BF4B-00C04F79EFBC}") = "Pyecto2Datos1Fontend", "Pyecto2Datos1Fontend\Pyecto2Datos1Fontend.csproj", "{64355495-8F0F-421D-904A-209FEAAA7D8A}"
EndProject
Global
	GlobalSection(SolutionConfigurationPlatforms) = preSolution
		Debug|Any CPU = Debug|Any CPU
		Debug|iPhone = Debug|iPhone
		Debug|iPhoneSimulator = Debug|iPhoneSimulator
		Release|Any CPU = Release|Any CPU
		Release|iPhone = Release|iPhone
		Release|iPhoneSimulator = Release|iPhoneSimulator
	EndGlobalSection
	GlobalSection(ProjectConfigurationPlatforms) = postSolution
		{855DA3FE-990F-4741-9511-7FF40783590B}.Debug|Any CPU.ActiveCfg = Debug|Any CPU
		{855DA3FE-990F-4741-9511-7FF40783590B}.Debug|Any CPU.Build.0 = Debug|Any CPU
		{855DA3FE-990F-4741-9511-7FF40783590B}.Debug|Any CPU.Deploy.0 = Debug|Any CPU
		{855DA3FE-990F-4741-9511-7FF40783590B}.Debug|iPhone.ActiveCfg = Debug|Any CPU
		{855DA3FE-990F-4741-9511-7FF40783590B}.Debug|iPhone.Build.0 = Debug|Any CPU
		{855DA3FE-990F-4741-9511-7FF40783590B}.Debug|iPhone.Deploy.0 = Debug|Any CPU
		{855DA3FE-990F-4741-9511-7FF40783590B}.Debug|iPhoneSimulator.ActiveCfg = Debug|Any CPU
		{855DA3FE-990F-4741-9511-7FF40783590B}.Debug|iPhoneSimulator.Build.0 = Debug|Any CPU
		{855DA3FE-990F-4741-9511-7FF40783590B}.Debug|iPhoneSimulator.Deploy.0 = Debug|Any CPU
		{855DA3FE-990F-4741-9511-7FF40783590B}.Release|Any CPU.ActiveCfg = Release|Any CPU
		{855DA3FE-990F-4741-9511-7FF40783590B}.Release|Any CPU.Build.0 = Release|Any CPU
		{855DA3FE-990F-4741-9511-7FF40783590B}.Release|Any CPU.Deploy.0 = Release|Any CPU
		{855DA3FE-990F-4741-9511-7FF40783590B}.Release|iPhone.ActiveCfg = Release|Any CPU
		{855DA3FE-990F-4741-9511-7FF40783590B}.Release|iPhone.Build.0 = Release|Any CPU
		{855DA3FE-990F-4741-9511-7FF40783590B}.Release|iPhone.Deploy.0 = Release|Any CPU
		{855DA3FE-990F-4741-9511-7FF40783590B}.Release|iPhoneSimulator.ActiveCfg = Release|Any CPU
		{855DA3FE-990F-4741-9511-7FF40783590B}.Release|iPhoneSimulator.Build.0 = Release|Any CPU
		{855DA3FE-990F-4741-9511-7FF40783590B}.Release|iPhoneSimulator.Deploy.0 = Release|Any CPU
		{D0D899F6-8815-43E6-9F50-3EC47977F287}.Debug|Any CPU.ActiveCfg = Debug|iPhone
		{D0D899F6-8815-43E6-9F50-3EC47977F287}.Debug|Any CPU.Build.0 = Debug|iPhone
		{D0D899F6-8815-43E6-9F50-3EC47977F287}.Debug|Any CPU.Deploy.0 = Debug|iPhone
		{D0D899F6-8815-43E6-9F50-3EC47977F287}.Debug|iPhone.ActiveCfg = Debug|iPhone
		{D0D899F6-8815-43E6-9F50-3EC47977F287}.Debug|iPhone.Build.0 = Debug|iPhone
		{D0D899F6-8815-43E6-9F50-3EC47977F287}.Debug|iPhone.Deploy.0 = Debug|iPhone
		{D0D899F6-8815-43E6-9F50-3EC47977F287}.Debug|iPhoneSimulator.ActiveCfg = Debug|iPhoneSimulator
		{D0D899F6-8815-43E6-9F50-3EC47977F287}.Debug|iPhoneSimulator.Build.0 = Debug|iPhoneSimulator
		{D0D899F6-8815-43E6-9F50-3EC47977F287}.Debug|iPhoneSimulator.Deploy.0 = Debug|iPhoneSimulator
		{D0D899F6-8815-43E6-9F50-3EC47977F287}.Release|Any CPU.ActiveCfg = Release|iPhone
		{D0D899F6-8815-43E6-9F50-3EC47977F287}.Release|Any CPU.Build.0 = Release|iPhone
		{D0D899F6-8815-43E6-9F50-3EC47977F287}.Release|Any CPU.Deploy.0 = Release|iPhone
		{D0D899F6-8815-43E6-9F50-3EC47977F287}.Release|iPhone.ActiveCfg = Release|iPhone
		{D0D899F6-8815-43E6-9F50-3EC47977F287}.Release|iPhone.Build.0 = Release|iPhone
		{D0D899F6-8815-43E6-9F50-3EC47977F287}.Release|iPhone.Deploy.0 = Release|iPhone
		{D0D899F6-8815-43E6-9F50-3EC47977F287}.Release|iPhoneSimulator.ActiveCfg = Release|iPhoneSimulator
		{D0D899F6-8815-43E6-9F50-3EC47977F287}.Release|iPhoneSimulator.Build.0 = Release|iPhoneSimulator
		{D0D899F6-8815-43E6-9F50-3EC47977F287}.Release|iPhoneSimulator.Deploy.0 = Release|iPhoneSimulator
		{64355495-8F0F-421D-904A-209FEAAA7D8A}.Debug|Any CPU.ActiveCfg = Debug|Any CPU
		{64355495-8F0F-421D-904A-209FEAAA7D8A}.Debug|Any CPU.Build.0 = Debug|Any CPU
		{64355495-8F0F-421D-904A-209FEAAA7D8A}.Debug|Any CPU.Deploy.0 = Debug|Any CPU
		{64355495-8F0F-421D-904A-209FEAAA7D8A}.Debug|iPhone.ActiveCfg = Debug|Any CPU
		{64355495-8F0F-421D-904A-209FEAAA7D8A}.Debug|iPhone.Build.0 = Debug|Any CPU
		{64355495-8F0F-421D-904A-209FEAAA7D8A}.Debug|iPhone.Deploy.0 = Debug|Any CPU
		{64355495-8F0F-421D-904A-209FEAAA7D8A}.Debug|iPhoneSimulator.ActiveCfg = Debug|Any CPU
		{64355495-8F0F-421D-904A-209FEAAA7D8A}.Debug|iPhoneSimulator.Build.0 = Debug|Any CPU
		{64355495-8F0F-421D-904A-209FEAAA7D8A}.Debug|iPhoneSimulator.Deploy.0 = Debug|Any CPU
		{64355495-8F0F-421D-904A-209FEAAA7D8A}.Release|Any CPU.ActiveCfg = Release|Any CPU
		{64355495-8F0F-421D-904A-209FEAAA7D8A}.Release|Any CPU.Build.0 = Release|Any CPU
		{64355495-8F0F-421D-904A-209FEAAA7D8A}.Release|Any CPU.Deploy.0 = Release|Any CPU
		{64355495-8F0F-421D-904A-209FEAAA7D8A}.Release|iPhone.ActiveCfg = Release|Any CPU
		{64355495-8F0F-421D-904A-209FEAAA7D8A}.Release|iPhone.Build.0 = Release|Any CPU
		{64355495-8F0F-421D-904A-209FEAAA7D8A}.Release|iPhone.Deploy.0 = Release|Any CPU
		{64355495-8F0F-421D-904A-209FEAAA7D8A}.Release|iPhoneSimulator.ActiveCfg = Release|Any CPU
		{64355495-8F0F-421D-904A-209FEAAA7D8A}.Release|iPhoneSimulator.Build.0 = Release|Any CPU
		{64355495-8F0F-421D-904A-209FEAAA7D8A}.Release|iPhoneSimulator.Deploy.0 = Release|Any CPU
	EndGlobalSection
	GlobalSection(SolutionProperties) = preSolution
		HideSolutionNode = FALSE
	EndGlobalSection
	GlobalSection(ExtensibilityGlobals) = postSolution
		SolutionGuid = {6944D5A1-9524-4F70-BAC1-DCF3842E28F4}
	EndGlobalSection
EndGlobal
