
Microsoft Visual Studio Solution File, Format Version 12.00
# Visual Studio Version 16
VisualStudioVersion = 16.0.30204.135
MinimumVisualStudioVersion = 10.0.40219.1
Project("{FAE04EC0-301F-11D3-BF4B-00C04F79EFBC}") = "P2Front.Android", "P2Front.Android\P2Front.Android.csproj", "{9ED6979F-2148-44BF-8280-EC47C50DEC5C}"
EndProject
Project("{FAE04EC0-301F-11D3-BF4B-00C04F79EFBC}") = "P2Front.iOS", "P2Front.iOS\P2Front.iOS.csproj", "{4BA730C7-FD0A-4789-BA7A-39FBBB7A8E24}"
EndProject
Project("{FAE04EC0-301F-11D3-BF4B-00C04F79EFBC}") = "P2Front", "P2Front\P2Front.csproj", "{B39AB00F-C2C4-431B-AA84-9B9437E93718}"
EndProject
Global
	GlobalSection(SolutionConfigurationPlatforms) = preSolution
		Debug|Any CPU = Debug|Any CPU
		Debug|iPhone = Debug|iPhone
		Debug|iPhoneSimulator = Debug|iPhoneSimulator
		Release|Any CPU = Release|Any CPU
		Release|iPhone = Release|iPhone
		Release|iPhoneSimulator = Release|iPhoneSimulator
	EndGlobalSection
	GlobalSection(ProjectConfigurationPlatforms) = postSolution
		{9ED6979F-2148-44BF-8280-EC47C50DEC5C}.Debug|Any CPU.ActiveCfg = Debug|Any CPU
		{9ED6979F-2148-44BF-8280-EC47C50DEC5C}.Debug|Any CPU.Build.0 = Debug|Any CPU
		{9ED6979F-2148-44BF-8280-EC47C50DEC5C}.Debug|Any CPU.Deploy.0 = Debug|Any CPU
		{9ED6979F-2148-44BF-8280-EC47C50DEC5C}.Debug|iPhone.ActiveCfg = Debug|Any CPU
		{9ED6979F-2148-44BF-8280-EC47C50DEC5C}.Debug|iPhone.Build.0 = Debug|Any CPU
		{9ED6979F-2148-44BF-8280-EC47C50DEC5C}.Debug|iPhone.Deploy.0 = Debug|Any CPU
		{9ED6979F-2148-44BF-8280-EC47C50DEC5C}.Debug|iPhoneSimulator.ActiveCfg = Debug|Any CPU
		{9ED6979F-2148-44BF-8280-EC47C50DEC5C}.Debug|iPhoneSimulator.Build.0 = Debug|Any CPU
		{9ED6979F-2148-44BF-8280-EC47C50DEC5C}.Debug|iPhoneSimulator.Deploy.0 = Debug|Any CPU
		{9ED6979F-2148-44BF-8280-EC47C50DEC5C}.Release|Any CPU.ActiveCfg = Release|Any CPU
		{9ED6979F-2148-44BF-8280-EC47C50DEC5C}.Release|Any CPU.Build.0 = Release|Any CPU
		{9ED6979F-2148-44BF-8280-EC47C50DEC5C}.Release|Any CPU.Deploy.0 = Release|Any CPU
		{9ED6979F-2148-44BF-8280-EC47C50DEC5C}.Release|iPhone.ActiveCfg = Release|Any CPU
		{9ED6979F-2148-44BF-8280-EC47C50DEC5C}.Release|iPhone.Build.0 = Release|Any CPU
		{9ED6979F-2148-44BF-8280-EC47C50DEC5C}.Release|iPhone.Deploy.0 = Release|Any CPU
		{9ED6979F-2148-44BF-8280-EC47C50DEC5C}.Release|iPhoneSimulator.ActiveCfg = Release|Any CPU
		{9ED6979F-2148-44BF-8280-EC47C50DEC5C}.Release|iPhoneSimulator.Build.0 = Release|Any CPU
		{9ED6979F-2148-44BF-8280-EC47C50DEC5C}.Release|iPhoneSimulator.Deploy.0 = Release|Any CPU
		{4BA730C7-FD0A-4789-BA7A-39FBBB7A8E24}.Debug|Any CPU.ActiveCfg = Debug|iPhone
		{4BA730C7-FD0A-4789-BA7A-39FBBB7A8E24}.Debug|Any CPU.Build.0 = Debug|iPhone
		{4BA730C7-FD0A-4789-BA7A-39FBBB7A8E24}.Debug|Any CPU.Deploy.0 = Debug|iPhone
		{4BA730C7-FD0A-4789-BA7A-39FBBB7A8E24}.Debug|iPhone.ActiveCfg = Debug|iPhone
		{4BA730C7-FD0A-4789-BA7A-39FBBB7A8E24}.Debug|iPhone.Build.0 = Debug|iPhone
		{4BA730C7-FD0A-4789-BA7A-39FBBB7A8E24}.Debug|iPhone.Deploy.0 = Debug|iPhone
		{4BA730C7-FD0A-4789-BA7A-39FBBB7A8E24}.Debug|iPhoneSimulator.ActiveCfg = Debug|iPhoneSimulator
		{4BA730C7-FD0A-4789-BA7A-39FBBB7A8E24}.Debug|iPhoneSimulator.Build.0 = Debug|iPhoneSimulator
		{4BA730C7-FD0A-4789-BA7A-39FBBB7A8E24}.Debug|iPhoneSimulator.Deploy.0 = Debug|iPhoneSimulator
		{4BA730C7-FD0A-4789-BA7A-39FBBB7A8E24}.Release|Any CPU.ActiveCfg = Release|iPhone
		{4BA730C7-FD0A-4789-BA7A-39FBBB7A8E24}.Release|Any CPU.Build.0 = Release|iPhone
		{4BA730C7-FD0A-4789-BA7A-39FBBB7A8E24}.Release|Any CPU.Deploy.0 = Release|iPhone
		{4BA730C7-FD0A-4789-BA7A-39FBBB7A8E24}.Release|iPhone.ActiveCfg = Release|iPhone
		{4BA730C7-FD0A-4789-BA7A-39FBBB7A8E24}.Release|iPhone.Build.0 = Release|iPhone
		{4BA730C7-FD0A-4789-BA7A-39FBBB7A8E24}.Release|iPhone.Deploy.0 = Release|iPhone
		{4BA730C7-FD0A-4789-BA7A-39FBBB7A8E24}.Release|iPhoneSimulator.ActiveCfg = Release|iPhoneSimulator
		{4BA730C7-FD0A-4789-BA7A-39FBBB7A8E24}.Release|iPhoneSimulator.Build.0 = Release|iPhoneSimulator
		{4BA730C7-FD0A-4789-BA7A-39FBBB7A8E24}.Release|iPhoneSimulator.Deploy.0 = Release|iPhoneSimulator
		{B39AB00F-C2C4-431B-AA84-9B9437E93718}.Debug|Any CPU.ActiveCfg = Debug|Any CPU
		{B39AB00F-C2C4-431B-AA84-9B9437E93718}.Debug|Any CPU.Build.0 = Debug|Any CPU
		{B39AB00F-C2C4-431B-AA84-9B9437E93718}.Debug|Any CPU.Deploy.0 = Debug|Any CPU
		{B39AB00F-C2C4-431B-AA84-9B9437E93718}.Debug|iPhone.ActiveCfg = Debug|Any CPU
		{B39AB00F-C2C4-431B-AA84-9B9437E93718}.Debug|iPhone.Build.0 = Debug|Any CPU
		{B39AB00F-C2C4-431B-AA84-9B9437E93718}.Debug|iPhone.Deploy.0 = Debug|Any CPU
		{B39AB00F-C2C4-431B-AA84-9B9437E93718}.Debug|iPhoneSimulator.ActiveCfg = Debug|Any CPU
		{B39AB00F-C2C4-431B-AA84-9B9437E93718}.Debug|iPhoneSimulator.Build.0 = Debug|Any CPU
		{B39AB00F-C2C4-431B-AA84-9B9437E93718}.Debug|iPhoneSimulator.Deploy.0 = Debug|Any CPU
		{B39AB00F-C2C4-431B-AA84-9B9437E93718}.Release|Any CPU.ActiveCfg = Release|Any CPU
		{B39AB00F-C2C4-431B-AA84-9B9437E93718}.Release|Any CPU.Build.0 = Release|Any CPU
		{B39AB00F-C2C4-431B-AA84-9B9437E93718}.Release|Any CPU.Deploy.0 = Release|Any CPU
		{B39AB00F-C2C4-431B-AA84-9B9437E93718}.Release|iPhone.ActiveCfg = Release|Any CPU
		{B39AB00F-C2C4-431B-AA84-9B9437E93718}.Release|iPhone.Build.0 = Release|Any CPU
		{B39AB00F-C2C4-431B-AA84-9B9437E93718}.Release|iPhone.Deploy.0 = Release|Any CPU
		{B39AB00F-C2C4-431B-AA84-9B9437E93718}.Release|iPhoneSimulator.ActiveCfg = Release|Any CPU
		{B39AB00F-C2C4-431B-AA84-9B9437E93718}.Release|iPhoneSimulator.Build.0 = Release|Any CPU
		{B39AB00F-C2C4-431B-AA84-9B9437E93718}.Release|iPhoneSimulator.Deploy.0 = Release|Any CPU
	EndGlobalSection
	GlobalSection(SolutionProperties) = preSolution
		HideSolutionNode = FALSE
	EndGlobalSection
	GlobalSection(ExtensibilityGlobals) = postSolution
		SolutionGuid = {60F0B1F3-0FD0-4D3C-9C36-E867FC35F85F}
	EndGlobalSection
EndGlobal
